
Microsoft Visual Studio Solution File, Format Version 12.00
# Visual Studio 15
VisualStudioVersion = 15.0.28307.1684
MinimumVisualStudioVersion = 10.0.40219.1
Project("{8BC9CEB8-8B4A-11D0-8D11-00A0C91BC942}") = "04_DX3D9", "04_DX3D9\04_DX3D9.vcxproj", "{FEBF6F98-65FD-4E8C-835B-D79FD71199AD}"
EndProject
Global
	GlobalSection(SolutionConfigurationPlatforms) = preSolution
		Debug|x64 = Debug|x64
		Debug|x86 = Debug|x86
		Release|x64 = Release|x64
		Release|x86 = Release|x86
	EndGlobalSection
	GlobalSection(ProjectConfigurationPlatforms) = postSolution
		{FEBF6F98-65FD-4E8C-835B-D79FD71199AD}.Debug|x64.ActiveCfg = Debug|x64
		{FEBF6F98-65FD-4E8C-835B-D79FD71199AD}.Debug|x64.Build.0 = Debug|x64
		{FEBF6F98-65FD-4E8C-835B-D79FD71199AD}.Debug|x86.ActiveCfg = Debug|Win32
		{FEBF6F98-65FD-4E8C-835B-D79FD71199AD}.Debug|x86.Build.0 = Debug|Win32
		{FEBF6F98-65FD-4E8C-835B-D79FD71199AD}.Release|x64.ActiveCfg = Release|x64
		{FEBF6F98-65FD-4E8C-835B-D79FD71199AD}.Release|x64.Build.0 = Release|x64
		{FEBF6F98-65FD-4E8C-835B-D79FD71199AD}.Release|x86.ActiveCfg = Release|Win32
		{FEBF6F98-65FD-4E8C-835B-D79FD71199AD}.Release|x86.Build.0 = Release|Win32
	EndGlobalSection
	GlobalSection(SolutionProperties) = preSolution
		HideSolutionNode = FALSE
	EndGlobalSection
	GlobalSection(ExtensibilityGlobals) = postSolution
		SolutionGuid = {1D4741DB-F801-4CED-B498-C2BA233E1E07}
	EndGlobalSection
EndGlobal
